
Microsoft Visual Studio Solution File, Format Version 12.00
# Visual Studio Version 17
VisualStudioVersion = 17.14.36310.24 d17.14
MinimumVisualStudioVersion = 10.0.40219.1
Project("{FAE04EC0-301F-11D3-BF4B-00C04F79EFBC}") = "Shopping", "Shopping\Shopping.csproj", "{BE93CD55-10A1-4FEB-AC35-B07C8C459553}"
EndProject
Global
	GlobalSection(SolutionConfigurationPlatforms) = preSolution
		Debug|Any CPU = Debug|Any CPU
		Release|Any CPU = Release|Any CPU
	EndGlobalSection
	GlobalSection(ProjectConfigurationPlatforms) = postSolution
		{BE93CD55-10A1-4FEB-AC35-B07C8C459553}.Debug|Any CPU.ActiveCfg = Debug|Any CPU
		{BE93CD55-10A1-4FEB-AC35-B07C8C459553}.Debug|Any CPU.Build.0 = Debug|Any CPU
		{BE93CD55-10A1-4FEB-AC35-B07C8C459553}.Release|Any CPU.ActiveCfg = Release|Any CPU
		{BE93CD55-10A1-4FEB-AC35-B07C8C459553}.Release|Any CPU.Build.0 = Release|Any CPU
	EndGlobalSection
	GlobalSection(SolutionProperties) = preSolution
		HideSolutionNode = FALSE
	EndGlobalSection
	GlobalSection(ExtensibilityGlobals) = postSolution
		SolutionGuid = {448805B5-72A4-49E8-B983-1CBF8C2D6459}
	EndGlobalSection
EndGlobal
